// !$*UTF8*$!
{
	archiveVersion = 1;
	classes = {
	};
	objectVersion = 56;
	objects = {

/* Begin PBXBuildFile section */
		132835C42A4DBB19003C71DF /* MIDITrack.swift in Sources */ = {isa = PBXBuildFile; fileRef = 132835C32A4DBB19003C71DF /* MIDITrack.swift */; };
		132835C62A4DBB5E003C71DF /* MIDIFile.swift in Sources */ = {isa = PBXBuildFile; fileRef = 132835C52A4DBB5E003C71DF /* MIDIFile.swift */; };
		132835C82A4DBB91003C71DF /* MIDINote.swift in Sources */ = {isa = PBXBuildFile; fileRef = 132835C72A4DBB91003C71DF /* MIDINote.swift */; };
		134F245E29511229001AF12B /* MinimapView.swift in Sources */ = {isa = PBXBuildFile; fileRef = 134F245B29511229001AF12B /* MinimapView.swift */; };
		134F245F29511229001AF12B /* EditorView.swift in Sources */ = {isa = PBXBuildFile; fileRef = 134F245C29511229001AF12B /* EditorView.swift */; };
		134F246029511229001AF12B /* ProgressLine.swift in Sources */ = {isa = PBXBuildFile; fileRef = 134F245D29511229001AF12B /* ProgressLine.swift */; };
		134F246A29511236001AF12B /* ed sheeran - shape of you.mid in Resources */ = {isa = PBXBuildFile; fileRef = 134F246329511236001AF12B /* ed sheeran - shape of you.mid */; };
		134F246D29511236001AF12B /* Demo.mid in Resources */ = {isa = PBXBuildFile; fileRef = 134F246629511236001AF12B /* Demo.mid */; };
		134F246E29511236001AF12B /* the weeknd - reminder.mid in Resources */ = {isa = PBXBuildFile; fileRef = 134F246729511236001AF12B /* the weeknd - reminder.mid */; };
		134F246F29511236001AF12B /* toto-africa.mid in Resources */ = {isa = PBXBuildFile; fileRef = 134F246829511236001AF12B /* toto-africa.mid */; };
		13780A822A43272E0047C9D5 /* Keyboard in Frameworks */ = {isa = PBXBuildFile; productRef = 13780A812A43272E0047C9D5 /* Keyboard */; };
		13780A862A4337500047C9D5 /* MIDITrackView.swift in Sources */ = {isa = PBXBuildFile; fileRef = 13780A852A4337500047C9D5 /* MIDITrackView.swift */; };
		13BF6FF729510DAC0097808E /* MIDINAApp.swift in Sources */ = {isa = PBXBuildFile; fileRef = 13BF6FF629510DAC0097808E /* MIDINAApp.swift */; };
		13BF6FFB29510DAD0097808E /* Assets.xcassets in Resources */ = {isa = PBXBuildFile; fileRef = 13BF6FFA29510DAD0097808E /* Assets.xcassets */; };
		13BF700929510E140097808E /* AudioKit in Frameworks */ = {isa = PBXBuildFile; productRef = 13BF700829510E140097808E /* AudioKit */; };
		13BF700C29510E280097808E /* AudioKitUI in Frameworks */ = {isa = PBXBuildFile; productRef = 13BF700B29510E280097808E /* AudioKitUI */; };
		13D6AA962A24B75C00C10108 /* PianoRoll in Frameworks */ = {isa = PBXBuildFile; productRef = 13D6AA952A24B75C00C10108 /* PianoRoll */; };
/* End PBXBuildFile section */

/* Begin PBXFileReference section */
		132835C32A4DBB19003C71DF /* MIDITrack.swift */ = {isa = PBXFileReference; lastKnownFileType = sourcecode.swift; path = MIDITrack.swift; sourceTree = "<group>"; };
		132835C52A4DBB5E003C71DF /* MIDIFile.swift */ = {isa = PBXFileReference; lastKnownFileType = sourcecode.swift; path = MIDIFile.swift; sourceTree = "<group>"; };
		132835C72A4DBB91003C71DF /* MIDINote.swift */ = {isa = PBXFileReference; lastKnownFileType = sourcecode.swift; path = MIDINote.swift; sourceTree = "<group>"; };
		134F245B29511229001AF12B /* MinimapView.swift */ = {isa = PBXFileReference; fileEncoding = 4; lastKnownFileType = sourcecode.swift; path = MinimapView.swift; sourceTree = "<group>"; };
		134F245C29511229001AF12B /* EditorView.swift */ = {isa = PBXFileReference; fileEncoding = 4; lastKnownFileType = sourcecode.swift; path = EditorView.swift; sourceTree = "<group>"; };
		134F245D29511229001AF12B /* ProgressLine.swift */ = {isa = PBXFileReference; fileEncoding = 4; lastKnownFileType = sourcecode.swift; path = ProgressLine.swift; sourceTree = "<group>"; };
		134F246329511236001AF12B /* ed sheeran - shape of you.mid */ = {isa = PBXFileReference; lastKnownFileType = audio.midi; path = "ed sheeran - shape of you.mid"; sourceTree = "<group>"; };
		134F246629511236001AF12B /* Demo.mid */ = {isa = PBXFileReference; lastKnownFileType = audio.midi; path = Demo.mid; sourceTree = "<group>"; };
		134F246729511236001AF12B /* the weeknd - reminder.mid */ = {isa = PBXFileReference; lastKnownFileType = audio.midi; path = "the weeknd - reminder.mid"; sourceTree = "<group>"; };
		134F246829511236001AF12B /* toto-africa.mid */ = {isa = PBXFileReference; lastKnownFileType = audio.midi; path = "toto-africa.mid"; sourceTree = "<group>"; };
		13780A852A4337500047C9D5 /* MIDITrackView.swift */ = {isa = PBXFileReference; lastKnownFileType = sourcecode.swift; path = MIDITrackView.swift; sourceTree = "<group>"; };
		13BF6FF329510DAC0097808E /* MIDINA.app */ = {isa = PBXFileReference; explicitFileType = wrapper.application; includeInIndex = 0; path = MIDINA.app; sourceTree = BUILT_PRODUCTS_DIR; };
		13BF6FF629510DAC0097808E /* MIDINAApp.swift */ = {isa = PBXFileReference; lastKnownFileType = sourcecode.swift; path = MIDINAApp.swift; sourceTree = "<group>"; };
		13BF6FFA29510DAD0097808E /* Assets.xcassets */ = {isa = PBXFileReference; lastKnownFileType = folder.assetcatalog; path = Assets.xcassets; sourceTree = "<group>"; };
		13BF6FFC29510DAD0097808E /* MIDINA.entitlements */ = {isa = PBXFileReference; lastKnownFileType = text.plist.entitlements; path = MIDINA.entitlements; sourceTree = "<group>"; };
/* End PBXFileReference section */

/* Begin PBXFrameworksBuildPhase section */
		13BF6FF029510DAC0097808E /* Frameworks */ = {
			isa = PBXFrameworksBuildPhase;
			buildActionMask = 2147483647;
			files = (
				13D6AA962A24B75C00C10108 /* PianoRoll in Frameworks */,
				13780A822A43272E0047C9D5 /* Keyboard in Frameworks */,
				13BF700C29510E280097808E /* AudioKitUI in Frameworks */,
				13BF700929510E140097808E /* AudioKit in Frameworks */,
			);
			runOnlyForDeploymentPostprocessing = 0;
		};
/* End PBXFrameworksBuildPhase section */

/* Begin PBXGroup section */
		132835C22A4DBAB5003C71DF /* Models */ = {
			isa = PBXGroup;
			children = (
				132835C32A4DBB19003C71DF /* MIDITrack.swift */,
				132835C52A4DBB5E003C71DF /* MIDIFile.swift */,
				132835C72A4DBB91003C71DF /* MIDINote.swift */,
			);
			path = Models;
			sourceTree = "<group>";
		};
		134F245A29511229001AF12B /* Editor */ = {
			isa = PBXGroup;
			children = (
				134F245B29511229001AF12B /* MinimapView.swift */,
				134F245C29511229001AF12B /* EditorView.swift */,
				134F245D29511229001AF12B /* ProgressLine.swift */,
				13780A852A4337500047C9D5 /* MIDITrackView.swift */,
			);
			path = Editor;
			sourceTree = "<group>";
		};
		134F246129511236001AF12B /* Files */ = {
			isa = PBXGroup;
			children = (
				134F246329511236001AF12B /* ed sheeran - shape of you.mid */,
				134F246629511236001AF12B /* Demo.mid */,
				134F246729511236001AF12B /* the weeknd - reminder.mid */,
				134F246829511236001AF12B /* toto-africa.mid */,
			);
			path = Files;
			sourceTree = "<group>";
		};
		13BF6FEA29510DAC0097808E = {
			isa = PBXGroup;
			children = (
				13BF6FF529510DAC0097808E /* MIDINA */,
				13BF6FF429510DAC0097808E /* Products */,
			);
			sourceTree = "<group>";
		};
		13BF6FF429510DAC0097808E /* Products */ = {
			isa = PBXGroup;
			children = (
				13BF6FF329510DAC0097808E /* MIDINA.app */,
			);
			name = Products;
			sourceTree = "<group>";
		};
		13BF6FF529510DAC0097808E /* MIDINA */ = {
			isa = PBXGroup;
			children = (
				132835C22A4DBAB5003C71DF /* Models */,
				134F245A29511229001AF12B /* Editor */,
				13BF6FF629510DAC0097808E /* MIDINAApp.swift */,
				13BF6FFA29510DAD0097808E /* Assets.xcassets */,
				13BF6FFC29510DAD0097808E /* MIDINA.entitlements */,
				134F246129511236001AF12B /* Files */,
			);
			path = MIDINA;
			sourceTree = "<group>";
		};
/* End PBXGroup section */

/* Begin PBXNativeTarget section */
		13BF6FF229510DAC0097808E /* MIDINA */ = {
			isa = PBXNativeTarget;
			buildConfigurationList = 13BF700229510DAD0097808E /* Build configuration list for PBXNativeTarget "MIDINA" */;
			buildPhases = (
				13BF6FEF29510DAC0097808E /* Sources */,
				13BF6FF029510DAC0097808E /* Frameworks */,
				13BF6FF129510DAC0097808E /* Resources */,
			);
			buildRules = (
			);
			dependencies = (
			);
			name = MIDINA;
			packageProductDependencies = (
				13BF700829510E140097808E /* AudioKit */,
				13BF700B29510E280097808E /* AudioKitUI */,
				13D6AA952A24B75C00C10108 /* PianoRoll */,
				13780A812A43272E0047C9D5 /* Keyboard */,
			);
			productName = MIDINA;
			productReference = 13BF6FF329510DAC0097808E /* MIDINA.app */;
			productType = "com.apple.product-type.application";
		};
/* End PBXNativeTarget section */

/* Begin PBXProject section */
		13BF6FEB29510DAC0097808E /* Project object */ = {
			isa = PBXProject;
			attributes = {
				BuildIndependentTargetsInParallel = 1;
				LastSwiftUpdateCheck = 1420;
				LastUpgradeCheck = 1500;
				TargetAttributes = {
					13BF6FF229510DAC0097808E = {
						CreatedOnToolsVersion = 14.2;
					};
				};
			};
			buildConfigurationList = 13BF6FEE29510DAC0097808E /* Build configuration list for PBXProject "MIDINA" */;
			compatibilityVersion = "Xcode 14.0";
			developmentRegion = en;
			hasScannedForEncodings = 0;
			knownRegions = (
				en,
				Base,
			);
			mainGroup = 13BF6FEA29510DAC0097808E;
			packageReferences = (
				13BF700729510E140097808E /* XCRemoteSwiftPackageReference "AudioKit" */,
				13BF700A29510E280097808E /* XCRemoteSwiftPackageReference "AudioKitUI" */,
				13D6AA942A24B75C00C10108 /* XCRemoteSwiftPackageReference "PianoRoll" */,
				13780A802A43272E0047C9D5 /* XCRemoteSwiftPackageReference "Keyboard" */,
			);
			productRefGroup = 13BF6FF429510DAC0097808E /* Products */;
			projectDirPath = "";
			projectRoot = "";
			targets = (
				13BF6FF229510DAC0097808E /* MIDINA */,
			);
		};
/* End PBXProject section */

/* Begin PBXResourcesBuildPhase section */
		13BF6FF129510DAC0097808E /* Resources */ = {
			isa = PBXResourcesBuildPhase;
			buildActionMask = 2147483647;
			files = (
				134F246F29511236001AF12B /* toto-africa.mid in Resources */,
				134F246A29511236001AF12B /* ed sheeran - shape of you.mid in Resources */,
				134F246D29511236001AF12B /* Demo.mid in Resources */,
				134F246E29511236001AF12B /* the weeknd - reminder.mid in Resources */,
				13BF6FFB29510DAD0097808E /* Assets.xcassets in Resources */,
			);
			runOnlyForDeploymentPostprocessing = 0;
		};
/* End PBXResourcesBuildPhase section */

/* Begin PBXSourcesBuildPhase section */
		13BF6FEF29510DAC0097808E /* Sources */ = {
			isa = PBXSourcesBuildPhase;
			buildActionMask = 2147483647;
			files = (
				134F245F29511229001AF12B /* EditorView.swift in Sources */,
				134F245E29511229001AF12B /* MinimapView.swift in Sources */,
				132835C82A4DBB91003C71DF /* MIDINote.swift in Sources */,
				132835C42A4DBB19003C71DF /* MIDITrack.swift in Sources */,
				132835C62A4DBB5E003C71DF /* MIDIFile.swift in Sources */,
				134F246029511229001AF12B /* ProgressLine.swift in Sources */,
				13BF6FF729510DAC0097808E /* MIDINAApp.swift in Sources */,
				13780A862A4337500047C9D5 /* MIDITrackView.swift in Sources */,
			);
			runOnlyForDeploymentPostprocessing = 0;
		};
/* End PBXSourcesBuildPhase section */

/* Begin XCBuildConfiguration section */
		13BF700029510DAD0097808E /* Debug */ = {
			isa = XCBuildConfiguration;
			buildSettings = {
				ALWAYS_SEARCH_USER_PATHS = NO;
				ASSETCATALOG_COMPILER_GENERATE_SWIFT_ASSET_SYMBOL_EXTENSIONS = YES;
				CLANG_ANALYZER_NONNULL = YES;
				CLANG_ANALYZER_NUMBER_OBJECT_CONVERSION = YES_AGGRESSIVE;
				CLANG_CXX_LANGUAGE_STANDARD = "gnu++20";
				CLANG_ENABLE_MODULES = YES;
				CLANG_ENABLE_OBJC_ARC = YES;
				CLANG_ENABLE_OBJC_WEAK = YES;
				CLANG_WARN_BLOCK_CAPTURE_AUTORELEASING = YES;
				CLANG_WARN_BOOL_CONVERSION = YES;
				CLANG_WARN_COMMA = YES;
				CLANG_WARN_CONSTANT_CONVERSION = YES;
				CLANG_WARN_DEPRECATED_OBJC_IMPLEMENTATIONS = YES;
				CLANG_WARN_DIRECT_OBJC_ISA_USAGE = YES_ERROR;
				CLANG_WARN_DOCUMENTATION_COMMENTS = YES;
				CLANG_WARN_EMPTY_BODY = YES;
				CLANG_WARN_ENUM_CONVERSION = YES;
				CLANG_WARN_INFINITE_RECURSION = YES;
				CLANG_WARN_INT_CONVERSION = YES;
				CLANG_WARN_NON_LITERAL_NULL_CONVERSION = YES;
				CLANG_WARN_OBJC_IMPLICIT_RETAIN_SELF = YES;
				CLANG_WARN_OBJC_LITERAL_CONVERSION = YES;
				CLANG_WARN_OBJC_ROOT_CLASS = YES_ERROR;
				CLANG_WARN_QUOTED_INCLUDE_IN_FRAMEWORK_HEADER = YES;
				CLANG_WARN_RANGE_LOOP_ANALYSIS = YES;
				CLANG_WARN_STRICT_PROTOTYPES = YES;
				CLANG_WARN_SUSPICIOUS_MOVE = YES;
				CLANG_WARN_UNGUARDED_AVAILABILITY = YES_AGGRESSIVE;
				CLANG_WARN_UNREACHABLE_CODE = YES;
				CLANG_WARN__DUPLICATE_METHOD_MATCH = YES;
				COPY_PHASE_STRIP = NO;
				DEAD_CODE_STRIPPING = YES;
				DEBUG_INFORMATION_FORMAT = dwarf;
				ENABLE_STRICT_OBJC_MSGSEND = YES;
				ENABLE_TESTABILITY = YES;
				ENABLE_USER_SCRIPT_SANDBOXING = YES;
				GCC_C_LANGUAGE_STANDARD = gnu11;
				GCC_DYNAMIC_NO_PIC = NO;
				GCC_NO_COMMON_BLOCKS = YES;
				GCC_OPTIMIZATION_LEVEL = 0;
				GCC_PREPROCESSOR_DEFINITIONS = (
					"DEBUG=1",
					"$(inherited)",
				);
				GCC_WARN_64_TO_32_BIT_CONVERSION = YES;
				GCC_WARN_ABOUT_RETURN_TYPE = YES_ERROR;
				GCC_WARN_UNDECLARED_SELECTOR = YES;
				GCC_WARN_UNINITIALIZED_AUTOS = YES_AGGRESSIVE;
				GCC_WARN_UNUSED_FUNCTION = YES;
				GCC_WARN_UNUSED_VARIABLE = YES;
				IPHONEOS_DEPLOYMENT_TARGET = 17.0;
				MACOSX_DEPLOYMENT_TARGET = 14.0;
				MTL_ENABLE_DEBUG_INFO = INCLUDE_SOURCE;
				MTL_FAST_MATH = YES;
				ONLY_ACTIVE_ARCH = YES;
				SWIFT_ACTIVE_COMPILATION_CONDITIONS = DEBUG;
				SWIFT_OPTIMIZATION_LEVEL = "-Onone";
			};
			name = Debug;
		};
		13BF700129510DAD0097808E /* Release */ = {
			isa = XCBuildConfiguration;
			buildSettings = {
				ALWAYS_SEARCH_USER_PATHS = NO;
				ASSETCATALOG_COMPILER_GENERATE_SWIFT_ASSET_SYMBOL_EXTENSIONS = YES;
				CLANG_ANALYZER_NONNULL = YES;
				CLANG_ANALYZER_NUMBER_OBJECT_CONVERSION = YES_AGGRESSIVE;
				CLANG_CXX_LANGUAGE_STANDARD = "gnu++20";
				CLANG_ENABLE_MODULES = YES;
				CLANG_ENABLE_OBJC_ARC = YES;
				CLANG_ENABLE_OBJC_WEAK = YES;
				CLANG_WARN_BLOCK_CAPTURE_AUTORELEASING = YES;
				CLANG_WARN_BOOL_CONVERSION = YES;
				CLANG_WARN_COMMA = YES;
				CLANG_WARN_CONSTANT_CONVERSION = YES;
				CLANG_WARN_DEPRECATED_OBJC_IMPLEMENTATIONS = YES;
				CLANG_WARN_DIRECT_OBJC_ISA_USAGE = YES_ERROR;
				CLANG_WARN_DOCUMENTATION_COMMENTS = YES;
				CLANG_WARN_EMPTY_BODY = YES;
				CLANG_WARN_ENUM_CONVERSION = YES;
				CLANG_WARN_INFINITE_RECURSION = YES;
				CLANG_WARN_INT_CONVERSION = YES;
				CLANG_WARN_NON_LITERAL_NULL_CONVERSION = YES;
				CLANG_WARN_OBJC_IMPLICIT_RETAIN_SELF = YES;
				CLANG_WARN_OBJC_LITERAL_CONVERSION = YES;
				CLANG_WARN_OBJC_ROOT_CLASS = YES_ERROR;
				CLANG_WARN_QUOTED_INCLUDE_IN_FRAMEWORK_HEADER = YES;
				CLANG_WARN_RANGE_LOOP_ANALYSIS = YES;
				CLANG_WARN_STRICT_PROTOTYPES = YES;
				CLANG_WARN_SUSPICIOUS_MOVE = YES;
				CLANG_WARN_UNGUARDED_AVAILABILITY = YES_AGGRESSIVE;
				CLANG_WARN_UNREACHABLE_CODE = YES;
				CLANG_WARN__DUPLICATE_METHOD_MATCH = YES;
				COPY_PHASE_STRIP = NO;
				DEAD_CODE_STRIPPING = YES;
				DEBUG_INFORMATION_FORMAT = "dwarf-with-dsym";
				ENABLE_NS_ASSERTIONS = NO;
				ENABLE_STRICT_OBJC_MSGSEND = YES;
				ENABLE_USER_SCRIPT_SANDBOXING = YES;
				GCC_C_LANGUAGE_STANDARD = gnu11;
				GCC_NO_COMMON_BLOCKS = YES;
				GCC_WARN_64_TO_32_BIT_CONVERSION = YES;
				GCC_WARN_ABOUT_RETURN_TYPE = YES_ERROR;
				GCC_WARN_UNDECLARED_SELECTOR = YES;
				GCC_WARN_UNINITIALIZED_AUTOS = YES_AGGRESSIVE;
				GCC_WARN_UNUSED_FUNCTION = YES;
				GCC_WARN_UNUSED_VARIABLE = YES;
				IPHONEOS_DEPLOYMENT_TARGET = 17.0;
				MACOSX_DEPLOYMENT_TARGET = 14.0;
				MTL_ENABLE_DEBUG_INFO = NO;
				MTL_FAST_MATH = YES;
				SWIFT_COMPILATION_MODE = wholemodule;
				SWIFT_OPTIMIZATION_LEVEL = "-O";
			};
			name = Release;
		};
		13BF700329510DAD0097808E /* Debug */ = {
			isa = XCBuildConfiguration;
			buildSettings = {
				ASSETCATALOG_COMPILER_APPICON_NAME = AppIcon;
				ASSETCATALOG_COMPILER_GLOBAL_ACCENT_COLOR_NAME = AccentColor;
				CODE_SIGN_ENTITLEMENTS = MIDINA/MIDINA.entitlements;
				CODE_SIGN_STYLE = Automatic;
				CURRENT_PROJECT_VERSION = 1;
				DEAD_CODE_STRIPPING = YES;
				DEVELOPMENT_TEAM = BZ82DRDZY8;
				ENABLE_HARDENED_RUNTIME = YES;
				GENERATE_INFOPLIST_FILE = YES;
				INFOPLIST_KEY_LSApplicationCategoryType = "public.app-category.music";
				"INFOPLIST_KEY_UIApplicationSceneManifest_Generation[sdk=iphoneos*]" = YES;
				"INFOPLIST_KEY_UIApplicationSceneManifest_Generation[sdk=iphonesimulator*]" = YES;
				"INFOPLIST_KEY_UIApplicationSupportsIndirectInputEvents[sdk=iphoneos*]" = YES;
				"INFOPLIST_KEY_UIApplicationSupportsIndirectInputEvents[sdk=iphonesimulator*]" = YES;
				"INFOPLIST_KEY_UILaunchScreen_Generation[sdk=iphoneos*]" = YES;
				"INFOPLIST_KEY_UILaunchScreen_Generation[sdk=iphonesimulator*]" = YES;
				"INFOPLIST_KEY_UIStatusBarStyle[sdk=iphoneos*]" = UIStatusBarStyleDefault;
				"INFOPLIST_KEY_UIStatusBarStyle[sdk=iphonesimulator*]" = UIStatusBarStyleDefault;
				INFOPLIST_KEY_UISupportedInterfaceOrientations = "UIInterfaceOrientationLandscapeLeft UIInterfaceOrientationLandscapeRight UIInterfaceOrientationPortrait UIInterfaceOrientationPortraitUpsideDown";
				IPHONEOS_DEPLOYMENT_TARGET = 17.0;
				LD_RUNPATH_SEARCH_PATHS = "@executable_path/Frameworks";
				"LD_RUNPATH_SEARCH_PATHS[sdk=macosx*]" = "@executable_path/../Frameworks";
				MACOSX_DEPLOYMENT_TARGET = 14.0;
				MARKETING_VERSION = 1.0;
				PRODUCT_BUNDLE_IDENTIFIER = com.damirka.MIDINA;
				PRODUCT_NAME = "$(TARGET_NAME)";
				SDKROOT = auto;
				SUPPORTED_PLATFORMS = "iphoneos iphonesimulator macosx";
				SWIFT_EMIT_LOC_STRINGS = YES;
				SWIFT_VERSION = 5.0;
				TARGETED_DEVICE_FAMILY = "1,2";
			};
			name = Debug;
		};
		13BF700429510DAD0097808E /* Release */ = {
			isa = XCBuildConfiguration;
			buildSettings = {
				ASSETCATALOG_COMPILER_APPICON_NAME = AppIcon;
				ASSETCATALOG_COMPILER_GLOBAL_ACCENT_COLOR_NAME = AccentColor;
				CODE_SIGN_ENTITLEMENTS = MIDINA/MIDINA.entitlements;
				CODE_SIGN_STYLE = Automatic;
				CURRENT_PROJECT_VERSION = 1;
				DEAD_CODE_STRIPPING = YES;
				DEVELOPMENT_TEAM = BZ82DRDZY8;
				ENABLE_HARDENED_RUNTIME = YES;
				GENERATE_INFOPLIST_FILE = YES;
				INFOPLIST_KEY_LSApplicationCategoryType = "public.app-category.music";
				"INFOPLIST_KEY_UIApplicationSceneManifest_Generation[sdk=iphoneos*]" = YES;
				"INFOPLIST_KEY_UIApplicationSceneManifest_Generation[sdk=iphonesimulator*]" = YES;
				"INFOPLIST_KEY_UIApplicationSupportsIndirectInputEvents[sdk=iphoneos*]" = YES;
				"INFOPLIST_KEY_UIApplicationSupportsIndirectInputEvents[sdk=iphonesimulator*]" = YES;
				"INFOPLIST_KEY_UILaunchScreen_Generation[sdk=iphoneos*]" = YES;
				"INFOPLIST_KEY_UILaunchScreen_Generation[sdk=iphonesimulator*]" = YES;
				"INFOPLIST_KEY_UIStatusBarStyle[sdk=iphoneos*]" = UIStatusBarStyleDefault;
				"INFOPLIST_KEY_UIStatusBarStyle[sdk=iphonesimulator*]" = UIStatusBarStyleDefault;
				INFOPLIST_KEY_UISupportedInterfaceOrientations = "UIInterfaceOrientationLandscapeLeft UIInterfaceOrientationLandscapeRight UIInterfaceOrientationPortrait UIInterfaceOrientationPortraitUpsideDown";
				IPHONEOS_DEPLOYMENT_TARGET = 17.0;
				LD_RUNPATH_SEARCH_PATHS = "@executable_path/Frameworks";
				"LD_RUNPATH_SEARCH_PATHS[sdk=macosx*]" = "@executable_path/../Frameworks";
				MACOSX_DEPLOYMENT_TARGET = 14.0;
				MARKETING_VERSION = 1.0;
				PRODUCT_BUNDLE_IDENTIFIER = com.damirka.MIDINA;
				PRODUCT_NAME = "$(TARGET_NAME)";
				SDKROOT = auto;
				SUPPORTED_PLATFORMS = "iphoneos iphonesimulator macosx";
				SWIFT_EMIT_LOC_STRINGS = YES;
				SWIFT_VERSION = 5.0;
				TARGETED_DEVICE_FAMILY = "1,2";
			};
			name = Release;
		};
/* End XCBuildConfiguration section */

/* Begin XCConfigurationList section */
		13BF6FEE29510DAC0097808E /* Build configuration list for PBXProject "MIDINA" */ = {
			isa = XCConfigurationList;
			buildConfigurations = (
				13BF700029510DAD0097808E /* Debug */,
				13BF700129510DAD0097808E /* Release */,
			);
			defaultConfigurationIsVisible = 0;
			defaultConfigurationName = Release;
		};
		13BF700229510DAD0097808E /* Build configuration list for PBXNativeTarget "MIDINA" */ = {
			isa = XCConfigurationList;
			buildConfigurations = (
				13BF700329510DAD0097808E /* Debug */,
				13BF700429510DAD0097808E /* Release */,
			);
			defaultConfigurationIsVisible = 0;
			defaultConfigurationName = Release;
		};
/* End XCConfigurationList section */

/* Begin XCRemoteSwiftPackageReference section */
		13780A802A43272E0047C9D5 /* XCRemoteSwiftPackageReference "Keyboard" */ = {
			isa = XCRemoteSwiftPackageReference;
			repositoryURL = "https://github.com/AudioKit/Keyboard.git";
			requirement = {
				kind = upToNextMajorVersion;
				minimumVersion = 1.3.5;
			};
		};
		13BF700729510E140097808E /* XCRemoteSwiftPackageReference "AudioKit" */ = {
			isa = XCRemoteSwiftPackageReference;
			repositoryURL = "https://github.com/AudioKit/AudioKit.git";
			requirement = {
				kind = upToNextMajorVersion;
				minimumVersion = 5.0.0;
			};
		};
		13BF700A29510E280097808E /* XCRemoteSwiftPackageReference "AudioKitUI" */ = {
			isa = XCRemoteSwiftPackageReference;
			repositoryURL = "https://github.com/AudioKit/AudioKitUI.git";
			requirement = {
				kind = upToNextMajorVersion;
				minimumVersion = 0.3.4;
			};
		};
		13D6AA942A24B75C00C10108 /* XCRemoteSwiftPackageReference "PianoRoll" */ = {
			isa = XCRemoteSwiftPackageReference;
			repositoryURL = "https://github.com/AudioKit/PianoRoll.git";
			requirement = {
				kind = upToNextMajorVersion;
				minimumVersion = 1.0.0;
			};
		};
/* End XCRemoteSwiftPackageReference section */

/* Begin XCSwiftPackageProductDependency section */
		13780A812A43272E0047C9D5 /* Keyboard */ = {
			isa = XCSwiftPackageProductDependency;
			package = 13780A802A43272E0047C9D5 /* XCRemoteSwiftPackageReference "Keyboard" */;
			productName = Keyboard;
		};
		13BF700829510E140097808E /* AudioKit */ = {
			isa = XCSwiftPackageProductDependency;
			package = 13BF700729510E140097808E /* XCRemoteSwiftPackageReference "AudioKit" */;
			productName = AudioKit;
		};
		13BF700B29510E280097808E /* AudioKitUI */ = {
			isa = XCSwiftPackageProductDependency;
			package = 13BF700A29510E280097808E /* XCRemoteSwiftPackageReference "AudioKitUI" */;
			productName = AudioKitUI;
		};
		13D6AA952A24B75C00C10108 /* PianoRoll */ = {
			isa = XCSwiftPackageProductDependency;
			package = 13D6AA942A24B75C00C10108 /* XCRemoteSwiftPackageReference "PianoRoll" */;
			productName = PianoRoll;
		};
/* End XCSwiftPackageProductDependency section */
	};
	rootObject = 13BF6FEB29510DAC0097808E /* Project object */;
}
